
Microsoft Visual Studio Solution File, Format Version 12.00
Project("{FAE04EC0-301F-11D3-BF4B-00C04F79EFBC}") = "ChessKIU.Core", "ChessKIU.Core\ChessKIU.Core.csproj", "{61D9E471-76C3-4301-A9DB-A2D971C0C90E}"
EndProject
Project("{FAE04EC0-301F-11D3-BF4B-00C04F79EFBC}") = "ChessKIU.Application", "ChessKIU.Application\ChessKIU.Application.csproj", "{265B067F-7F2D-4659-BF62-A9F9265B5A5C}"
EndProject
Project("{FAE04EC0-301F-11D3-BF4B-00C04F79EFBC}") = "ChessKIU.Infrastructure", "ChessKIU.Infrastructure\ChessKIU.Infrastructure.csproj", "{E14CCDF7-54F6-46D2-B8DE-63C072D850F6}"
EndProject
Project("{FAE04EC0-301F-11D3-BF4B-00C04F79EFBC}") = "ChessKiu.Api", "ChessKiu.Api\ChessKiu.Api.csproj", "{CCAC9F8E-67DC-449F-B318-F21286A8FD0D}"
EndProject
Project("{2150E333-8FDC-42A3-9474-1A3956D46DE8}") = "src", "src", "{80450E8A-511C-4029-AE2E-6A4A767FC3F3}"
EndProject
Project("{2150E333-8FDC-42A3-9474-1A3956D46DE8}") = "tests", "tests", "{D1F28497-02F2-4CAE-9149-AE469B5B2946}"
EndProject
Project("{FAE04EC0-301F-11D3-BF4B-00C04F79EFBC}") = "ChessKIU.Application.UnitTests", "ChessKIU.Application.UnitTests\ChessKIU.Application.UnitTests.csproj", "{C4E985AF-E851-4701-AD2A-691EC0E1D050}"
EndProject
Project("{FAE04EC0-301F-11D3-BF4B-00C04F79EFBC}") = "ChessKIU.Application.IntegrationTests", "ChessKIU.Application.IntegrationTests\ChessKIU.Application.IntegrationTests.csproj", "{287C3FC9-6B21-4EFB-9CBB-EDC7E63989F8}"
EndProject
Project("{FAE04EC0-301F-11D3-BF4B-00C04F79EFBC}") = "ChessKIU.Domain.UnitTests", "ChessKIU.Domain.UnitTests\ChessKIU.Domain.UnitTests.csproj", "{9154A0AC-C442-4924-B93E-153410BC6503}"
EndProject
Global
	GlobalSection(SolutionConfigurationPlatforms) = preSolution
		Debug|Any CPU = Debug|Any CPU
		Release|Any CPU = Release|Any CPU
	EndGlobalSection
	GlobalSection(ProjectConfigurationPlatforms) = postSolution
		{61D9E471-76C3-4301-A9DB-A2D971C0C90E}.Debug|Any CPU.ActiveCfg = Debug|Any CPU
		{61D9E471-76C3-4301-A9DB-A2D971C0C90E}.Debug|Any CPU.Build.0 = Debug|Any CPU
		{61D9E471-76C3-4301-A9DB-A2D971C0C90E}.Release|Any CPU.ActiveCfg = Release|Any CPU
		{61D9E471-76C3-4301-A9DB-A2D971C0C90E}.Release|Any CPU.Build.0 = Release|Any CPU
		{265B067F-7F2D-4659-BF62-A9F9265B5A5C}.Debug|Any CPU.ActiveCfg = Debug|Any CPU
		{265B067F-7F2D-4659-BF62-A9F9265B5A5C}.Debug|Any CPU.Build.0 = Debug|Any CPU
		{265B067F-7F2D-4659-BF62-A9F9265B5A5C}.Release|Any CPU.ActiveCfg = Release|Any CPU
		{265B067F-7F2D-4659-BF62-A9F9265B5A5C}.Release|Any CPU.Build.0 = Release|Any CPU
		{E14CCDF7-54F6-46D2-B8DE-63C072D850F6}.Debug|Any CPU.ActiveCfg = Debug|Any CPU
		{E14CCDF7-54F6-46D2-B8DE-63C072D850F6}.Debug|Any CPU.Build.0 = Debug|Any CPU
		{E14CCDF7-54F6-46D2-B8DE-63C072D850F6}.Release|Any CPU.ActiveCfg = Release|Any CPU
		{E14CCDF7-54F6-46D2-B8DE-63C072D850F6}.Release|Any CPU.Build.0 = Release|Any CPU
		{CCAC9F8E-67DC-449F-B318-F21286A8FD0D}.Debug|Any CPU.ActiveCfg = Debug|Any CPU
		{CCAC9F8E-67DC-449F-B318-F21286A8FD0D}.Debug|Any CPU.Build.0 = Debug|Any CPU
		{CCAC9F8E-67DC-449F-B318-F21286A8FD0D}.Release|Any CPU.ActiveCfg = Release|Any CPU
		{CCAC9F8E-67DC-449F-B318-F21286A8FD0D}.Release|Any CPU.Build.0 = Release|Any CPU
		{C4E985AF-E851-4701-AD2A-691EC0E1D050}.Debug|Any CPU.ActiveCfg = Debug|Any CPU
		{C4E985AF-E851-4701-AD2A-691EC0E1D050}.Debug|Any CPU.Build.0 = Debug|Any CPU
		{C4E985AF-E851-4701-AD2A-691EC0E1D050}.Release|Any CPU.ActiveCfg = Release|Any CPU
		{C4E985AF-E851-4701-AD2A-691EC0E1D050}.Release|Any CPU.Build.0 = Release|Any CPU
		{287C3FC9-6B21-4EFB-9CBB-EDC7E63989F8}.Debug|Any CPU.ActiveCfg = Debug|Any CPU
		{287C3FC9-6B21-4EFB-9CBB-EDC7E63989F8}.Debug|Any CPU.Build.0 = Debug|Any CPU
		{287C3FC9-6B21-4EFB-9CBB-EDC7E63989F8}.Release|Any CPU.ActiveCfg = Release|Any CPU
		{287C3FC9-6B21-4EFB-9CBB-EDC7E63989F8}.Release|Any CPU.Build.0 = Release|Any CPU
		{9154A0AC-C442-4924-B93E-153410BC6503}.Debug|Any CPU.ActiveCfg = Debug|Any CPU
		{9154A0AC-C442-4924-B93E-153410BC6503}.Debug|Any CPU.Build.0 = Debug|Any CPU
		{9154A0AC-C442-4924-B93E-153410BC6503}.Release|Any CPU.ActiveCfg = Release|Any CPU
		{9154A0AC-C442-4924-B93E-153410BC6503}.Release|Any CPU.Build.0 = Release|Any CPU
	EndGlobalSection
	GlobalSection(NestedProjects) = preSolution
		{CCAC9F8E-67DC-449F-B318-F21286A8FD0D} = {80450E8A-511C-4029-AE2E-6A4A767FC3F3}
		{265B067F-7F2D-4659-BF62-A9F9265B5A5C} = {80450E8A-511C-4029-AE2E-6A4A767FC3F3}
		{61D9E471-76C3-4301-A9DB-A2D971C0C90E} = {80450E8A-511C-4029-AE2E-6A4A767FC3F3}
		{E14CCDF7-54F6-46D2-B8DE-63C072D850F6} = {80450E8A-511C-4029-AE2E-6A4A767FC3F3}
		{C4E985AF-E851-4701-AD2A-691EC0E1D050} = {D1F28497-02F2-4CAE-9149-AE469B5B2946}
		{287C3FC9-6B21-4EFB-9CBB-EDC7E63989F8} = {D1F28497-02F2-4CAE-9149-AE469B5B2946}
		{9154A0AC-C442-4924-B93E-153410BC6503} = {D1F28497-02F2-4CAE-9149-AE469B5B2946}
	EndGlobalSection
EndGlobal
